Microsoft Visual Studio Solution File, Format Version 12.00
# Visual Studio Version 17
VisualStudioVersion = 17.5.2.0
MinimumVisualStudioVersion = 10.0.40219.1
Project("{FAE04EC0-301F-11D3-BF4B-00C04F79EFBC}") = "ps3", "ps3.csproj", "{A54F056E-5483-6B72-B451-17560D63F4B4}"
EndProject
Global
	GlobalSection(SolutionConfigurationPlatforms) = preSolution
		Debug|Any CPU = Debug|Any CPU
		Release|Any CPU = Release|Any CPU
	EndGlobalSection
	GlobalSection(ProjectConfigurationPlatforms) = postSolution
		{A54F056E-5483-6B72-B451-17560D63F4B4}.Debug|Any CPU.ActiveCfg = Debug|Any CPU
		{A54F056E-5483-6B72-B451-17560D63F4B4}.Debug|Any CPU.Build.0 = Debug|Any CPU
		{A54F056E-5483-6B72-B451-17560D63F4B4}.Release|Any CPU.ActiveCfg = Release|Any CPU
		{A54F056E-5483-6B72-B451-17560D63F4B4}.Release|Any CPU.Build.0 = Release|Any CPU
	EndGlobalSection
	GlobalSection(SolutionProperties) = preSolution
		HideSolutionNode = FALSE
	EndGlobalSection
	GlobalSection(ExtensibilityGlobals) = postSolution
		SolutionGuid = {C76CAB66-8C1B-4BD0-8FF6-BCCADC4AC7CB}
	EndGlobalSection
EndGlobal
